// !$*UTF8*$!
{
	archiveVersion = 1;
	classes = {
	};
	objectVersion = 77;
	objects = {

/* Begin PBXBuildFile section */
		D81A55CD2E7D362E00489891 /* Swinject in Frameworks */ = {isa = PBXBuildFile; productRef = D81A55CC2E7D362E00489891 /* Swinject */; };
		D89B98A02E8BB2780050178A /* ValidationModule in Frameworks */ = {isa = PBXBuildFile; productRef = D89B989F2E8BB2780050178A /* ValidationModule */; };
		D89B98A42E8BB78B0050178A /* ValidationModule in Frameworks */ = {isa = PBXBuildFile; productRef = D89B98A32E8BB78B0050178A /* ValidationModule */; };
		D8E3FD022E8297FE000CF423 /* AppCoreMain.framework in Frameworks */ = {isa = PBXBuildFile; fileRef = D8E3FCF72E8297FE000CF423 /* AppCoreMain.framework */; };
		D8E3FD0C2E8297FE000CF423 /* AppCoreMain.framework in Frameworks */ = {isa = PBXBuildFile; fileRef = D8E3FCF72E8297FE000CF423 /* AppCoreMain.framework */; };
		D8E3FD0D2E8297FE000CF423 /* AppCoreMain.framework in Embed Frameworks */ = {isa = PBXBuildFile; fileRef = D8E3FCF72E8297FE000CF423 /* AppCoreMain.framework */; settings = {ATTRIBUTES = (CodeSignOnCopy, RemoveHeadersOnCopy, ); }; };
		D8E3FD162E82AB37000CF423 /* AppCore in Frameworks */ = {isa = PBXBuildFile; productRef = D8E3FD152E82AB37000CF423 /* AppCore */; };
/* End PBXBuildFile section */

/* Begin PBXContainerItemProxy section */
		D81A555C2E7C00E500489891 /* PBXContainerItemProxy */ = {
			isa = PBXContainerItemProxy;
			containerPortal = D81A55452E7C00E300489891 /* Project object */;
			proxyType = 1;
			remoteGlobalIDString = D81A554C2E7C00E300489891;
			remoteInfo = NotesHeirarchy;
		};
		D81A55662E7C00E500489891 /* PBXContainerItemProxy */ = {
			isa = PBXContainerItemProxy;
			containerPortal = D81A55452E7C00E300489891 /* Project object */;
			proxyType = 1;
			remoteGlobalIDString = D81A554C2E7C00E300489891;
			remoteInfo = NotesHeirarchy;
		};
		D8E3FC362E8137CC000CF423 /* PBXContainerItemProxy */ = {
			isa = PBXContainerItemProxy;
			containerPortal = D81A55452E7C00E300489891 /* Project object */;
			proxyType = 1;
			remoteGlobalIDString = D8E3FC152E813779000CF423;
			remoteInfo = Authentication;
		};
		D8E3FD032E8297FE000CF423 /* PBXContainerItemProxy */ = {
			isa = PBXContainerItemProxy;
			containerPortal = D81A55452E7C00E300489891 /* Project object */;
			proxyType = 1;
			remoteGlobalIDString = D8E3FCF62E8297FE000CF423;
			remoteInfo = AppCoreMain;
		};
		D8E3FD052E8297FE000CF423 /* PBXContainerItemProxy */ = {
			isa = PBXContainerItemProxy;
			containerPortal = D81A55452E7C00E300489891 /* Project object */;
			proxyType = 1;
			remoteGlobalIDString = D81A554C2E7C00E300489891;
			remoteInfo = NotesHeirarchy;
		};
		D8E3FD0A2E8297FE000CF423 /* PBXContainerItemProxy */ = {
			isa = PBXContainerItemProxy;
			containerPortal = D81A55452E7C00E300489891 /* Project object */;
			proxyType = 1;
			remoteGlobalIDString = D8E3FCF62E8297FE000CF423;
			remoteInfo = AppCoreMain;
		};
/* End PBXContainerItemProxy section */

/* Begin PBXCopyFilesBuildPhase section */
		D8E3FC302E813779000CF423 /* Embed Frameworks */ = {
			isa = PBXCopyFilesBuildPhase;
			buildActionMask = 2147483647;
			dstPath = "";
			dstSubfolderSpec = 10;
			files = (
				D8E3FD0D2E8297FE000CF423 /* AppCoreMain.framework in Embed Frameworks */,
			);
			name = "Embed Frameworks";
			runOnlyForDeploymentPostprocessing = 0;
		};
/* End PBXCopyFilesBuildPhase section */

/* Begin PBXFileReference section */
		D81A554D2E7C00E300489891 /* NotesHeirarchy.app */ = {isa = PBXFileReference; explicitFileType = wrapper.application; includeInIndex = 0; path = NotesHeirarchy.app; sourceTree = BUILT_PRODUCTS_DIR; };
		D81A555B2E7C00E500489891 /* NotesHeirarchyTests.xctest */ = {isa = PBXFileReference; explicitFileType = wrapper.cfbundle; includeInIndex = 0; path = NotesHeirarchyTests.xctest; sourceTree = BUILT_PRODUCTS_DIR; };
		D81A55652E7C00E500489891 /* NotesHeirarchyUITests.xctest */ = {isa = PBXFileReference; explicitFileType = wrapper.cfbundle; includeInIndex = 0; path = NotesHeirarchyUITests.xctest; sourceTree = BUILT_PRODUCTS_DIR; };
		D81A55CA2E7D260500489891 /* NotesHeirarchy copy-Info.plist */ = {isa = PBXFileReference; lastKnownFileType = text.plist.xml; name = "NotesHeirarchy copy-Info.plist"; path = "/Users/mubeen-176-mb/Documents/NotesHeirarchy/NotesHeirarchy copy-Info.plist"; sourceTree = "<absolute>"; };
		D8E3FCF72E8297FE000CF423 /* AppCoreMain.framework */ = {isa = PBXFileReference; explicitFileType = wrapper.framework; includeInIndex = 0; path = AppCoreMain.framework; sourceTree = BUILT_PRODUCTS_DIR; };
		D8E3FD012E8297FE000CF423 /* AppCoreMainTests.xctest */ = {isa = PBXFileReference; explicitFileType = wrapper.cfbundle; includeInIndex = 0; path = AppCoreMainTests.xctest; sourceTree = BUILT_PRODUCTS_DIR; };
/* End PBXFileReference section */

/* Begin PBXFileSystemSynchronizedBuildFileExceptionSet section */
		D81A55792E7C2C5A00489891 /* Exceptions for "NotesHeirarchy" folder in "NotesHeirarchy" target */ = {
			isa = PBXFileSystemSynchronizedBuildFileExceptionSet;
			membershipExceptions = (
				Info.plist,
			);
			target = D81A554C2E7C00E300489891 /* NotesHeirarchy */;
		};
/* End PBXFileSystemSynchronizedBuildFileExceptionSet section */

/* Begin PBXFileSystemSynchronizedRootGroup section */
		D81A554F2E7C00E300489891 /* NotesHeirarchy */ = {
			isa = PBXFileSystemSynchronizedRootGroup;
			exceptions = (
				D81A55792E7C2C5A00489891 /* Exceptions for "NotesHeirarchy" folder in "NotesHeirarchy" target */,
			);
			path = NotesHeirarchy;
			sourceTree = "<group>";
		};
		D81A555E2E7C00E500489891 /* NotesHeirarchyTests */ = {
			isa = PBXFileSystemSynchronizedRootGroup;
			path = NotesHeirarchyTests;
			sourceTree = "<group>";
		};
		D81A55682E7C00E500489891 /* NotesHeirarchyUITests */ = {
			isa = PBXFileSystemSynchronizedRootGroup;
			path = NotesHeirarchyUITests;
			sourceTree = "<group>";
		};
		D8E3FCF82E8297FE000CF423 /* AppCoreMain */ = {
			isa = PBXFileSystemSynchronizedRootGroup;
			path = AppCoreMain;
			sourceTree = "<group>";
		};
		D8E3FD072E8297FE000CF423 /* AppCoreMainTests */ = {
			isa = PBXFileSystemSynchronizedRootGroup;
			path = AppCoreMainTests;
			sourceTree = "<group>";
		};
/* End PBXFileSystemSynchronizedRootGroup section */

/* Begin PBXFrameworksBuildPhase section */
		D81A554A2E7C00E300489891 /* Frameworks */ = {
			isa = PBXFrameworksBuildPhase;
			buildActionMask = 2147483647;
			files = (
				D8E3FD162E82AB37000CF423 /* AppCore in Frameworks */,
				D89B98A02E8BB2780050178A /* ValidationModule in Frameworks */,
				D8E3FD0C2E8297FE000CF423 /* AppCoreMain.framework in Frameworks */,
				D81A55CD2E7D362E00489891 /* Swinject in Frameworks */,
				D89B98A42E8BB78B0050178A /* ValidationModule in Frameworks */,
			);
			runOnlyForDeploymentPostprocessing = 0;
		};
		D81A55582E7C00E500489891 /* Frameworks */ = {
			isa = PBXFrameworksBuildPhase;
			buildActionMask = 2147483647;
			files = (
			);
			runOnlyForDeploymentPostprocessing = 0;
		};
		D81A55622E7C00E500489891 /* Frameworks */ = {
			isa = PBXFrameworksBuildPhase;
			buildActionMask = 2147483647;
			files = (
			);
			runOnlyForDeploymentPostprocessing = 0;
		};
		D8E3FCF42E8297FE000CF423 /* Frameworks */ = {
			isa = PBXFrameworksBuildPhase;
			buildActionMask = 2147483647;
			files = (
			);
			runOnlyForDeploymentPostprocessing = 0;
		};
		D8E3FCFE2E8297FE000CF423 /* Frameworks */ = {
			isa = PBXFrameworksBuildPhase;
			buildActionMask = 2147483647;
			files = (
				D8E3FD022E8297FE000CF423 /* AppCoreMain.framework in Frameworks */,
			);
			runOnlyForDeploymentPostprocessing = 0;
		};
/* End PBXFrameworksBuildPhase section */

/* Begin PBXGroup section */
		D81A55442E7C00E300489891 = {
			isa = PBXGroup;
			children = (
				D81A554F2E7C00E300489891 /* NotesHeirarchy */,
				D81A555E2E7C00E500489891 /* NotesHeirarchyTests */,
				D81A55682E7C00E500489891 /* NotesHeirarchyUITests */,
				D81A55CA2E7D260500489891 /* NotesHeirarchy copy-Info.plist */,
				D8E3FCF82E8297FE000CF423 /* AppCoreMain */,
				D8E3FD072E8297FE000CF423 /* AppCoreMainTests */,
				D81A554E2E7C00E300489891 /* Products */,
			);
			sourceTree = "<group>";
		};
		D81A554E2E7C00E300489891 /* Products */ = {
			isa = PBXGroup;
			children = (
				D81A554D2E7C00E300489891 /* NotesHeirarchy.app */,
				D81A555B2E7C00E500489891 /* NotesHeirarchyTests.xctest */,
				D81A55652E7C00E500489891 /* NotesHeirarchyUITests.xctest */,
				D8E3FCF72E8297FE000CF423 /* AppCoreMain.framework */,
				D8E3FD012E8297FE000CF423 /* AppCoreMainTests.xctest */,
			);
			name = Products;
			sourceTree = "<group>";
		};
/* End PBXGroup section */

/* Begin PBXHeadersBuildPhase section */
		D8E3FCF22E8297FE000CF423 /* Headers */ = {
			isa = PBXHeadersBuildPhase;
			buildActionMask = 2147483647;
			files = (
			);
			runOnlyForDeploymentPostprocessing = 0;
		};
/* End PBXHeadersBuildPhase section */

/* Begin PBXNativeTarget section */
		D81A554C2E7C00E300489891 /* NotesHeirarchy */ = {
			isa = PBXNativeTarget;
			buildConfigurationList = D81A556F2E7C00E500489891 /* Build configuration list for PBXNativeTarget "NotesHeirarchy" */;
			buildPhases = (
				D81A55492E7C00E300489891 /* Sources */,
				D81A554A2E7C00E300489891 /* Frameworks */,
				D81A554B2E7C00E300489891 /* Resources */,
				D8E3FC302E813779000CF423 /* Embed Frameworks */,
			);
			buildRules = (
			);
			dependencies = (
				D8E3FC372E8137CC000CF423 /* PBXTargetDependency */,
				D8E3FD0B2E8297FE000CF423 /* PBXTargetDependency */,
			);
			fileSystemSynchronizedGroups = (
				D81A554F2E7C00E300489891 /* NotesHeirarchy */,
			);
			name = NotesHeirarchy;
			packageProductDependencies = (
				D81A55CC2E7D362E00489891 /* Swinject */,
				D8E3FD152E82AB37000CF423 /* AppCore */,
				D89B989F2E8BB2780050178A /* ValidationModule */,
				D89B98A32E8BB78B0050178A /* ValidationModule */,
			);
			productName = NotesHeirarchy;
			productReference = D81A554D2E7C00E300489891 /* NotesHeirarchy.app */;
			productType = "com.apple.product-type.application";
		};
		D81A555A2E7C00E500489891 /* NotesHeirarchyTests */ = {
			isa = PBXNativeTarget;
			buildConfigurationList = D81A55722E7C00E500489891 /* Build configuration list for PBXNativeTarget "NotesHeirarchyTests" */;
			buildPhases = (
				D81A55572E7C00E500489891 /* Sources */,
				D81A55582E7C00E500489891 /* Frameworks */,
				D81A55592E7C00E500489891 /* Resources */,
			);
			buildRules = (
			);
			dependencies = (
				D81A555D2E7C00E500489891 /* PBXTargetDependency */,
			);
			fileSystemSynchronizedGroups = (
				D81A555E2E7C00E500489891 /* NotesHeirarchyTests */,
			);
			name = NotesHeirarchyTests;
			packageProductDependencies = (
			);
			productName = NotesHeirarchyTests;
			productReference = D81A555B2E7C00E500489891 /* NotesHeirarchyTests.xctest */;
			productType = "com.apple.product-type.bundle.unit-test";
		};
		D81A55642E7C00E500489891 /* NotesHeirarchyUITests */ = {
			isa = PBXNativeTarget;
			buildConfigurationList = D81A55752E7C00E500489891 /* Build configuration list for PBXNativeTarget "NotesHeirarchyUITests" */;
			buildPhases = (
				D81A55612E7C00E500489891 /* Sources */,
				D81A55622E7C00E500489891 /* Frameworks */,
				D81A55632E7C00E500489891 /* Resources */,
			);
			buildRules = (
			);
			dependencies = (
				D81A55672E7C00E500489891 /* PBXTargetDependency */,
			);
			fileSystemSynchronizedGroups = (
				D81A55682E7C00E500489891 /* NotesHeirarchyUITests */,
			);
			name = NotesHeirarchyUITests;
			packageProductDependencies = (
			);
			productName = NotesHeirarchyUITests;
			productReference = D81A55652E7C00E500489891 /* NotesHeirarchyUITests.xctest */;
			productType = "com.apple.product-type.bundle.ui-testing";
		};
		D8E3FCF62E8297FE000CF423 /* AppCoreMain */ = {
			isa = PBXNativeTarget;
			buildConfigurationList = D8E3FD0E2E8297FE000CF423 /* Build configuration list for PBXNativeTarget "AppCoreMain" */;
			buildPhases = (
				D8E3FCF22E8297FE000CF423 /* Headers */,
				D8E3FCF32E8297FE000CF423 /* Sources */,
				D8E3FCF42E8297FE000CF423 /* Frameworks */,
				D8E3FCF52E8297FE000CF423 /* Resources */,
			);
			buildRules = (
			);
			dependencies = (
			);
			fileSystemSynchronizedGroups = (
				D8E3FCF82E8297FE000CF423 /* AppCoreMain */,
			);
			name = AppCoreMain;
			packageProductDependencies = (
			);
			productName = AppCoreMain;
			productReference = D8E3FCF72E8297FE000CF423 /* AppCoreMain.framework */;
			productType = "com.apple.product-type.framework";
		};
		D8E3FD002E8297FE000CF423 /* AppCoreMainTests */ = {
			isa = PBXNativeTarget;
			buildConfigurationList = D8E3FD112E8297FE000CF423 /* Build configuration list for PBXNativeTarget "AppCoreMainTests" */;
			buildPhases = (
				D8E3FCFD2E8297FE000CF423 /* Sources */,
				D8E3FCFE2E8297FE000CF423 /* Frameworks */,
				D8E3FCFF2E8297FE000CF423 /* Resources */,
			);
			buildRules = (
			);
			dependencies = (
				D8E3FD042E8297FE000CF423 /* PBXTargetDependency */,
				D8E3FD062E8297FE000CF423 /* PBXTargetDependency */,
			);
			fileSystemSynchronizedGroups = (
				D8E3FD072E8297FE000CF423 /* AppCoreMainTests */,
			);
			name = AppCoreMainTests;
			packageProductDependencies = (
			);
			productName = AppCoreMainTests;
			productReference = D8E3FD012E8297FE000CF423 /* AppCoreMainTests.xctest */;
			productType = "com.apple.product-type.bundle.unit-test";
		};
/* End PBXNativeTarget section */

/* Begin PBXProject section */
		D81A55452E7C00E300489891 /* Project object */ = {
			isa = PBXProject;
			attributes = {
				BuildIndependentTargetsInParallel = 1;
				LastSwiftUpdateCheck = 1640;
				LastUpgradeCheck = 1640;
				TargetAttributes = {
					D81A554C2E7C00E300489891 = {
						CreatedOnToolsVersion = 16.4;
					};
					D81A555A2E7C00E500489891 = {
						CreatedOnToolsVersion = 16.4;
						TestTargetID = D81A554C2E7C00E300489891;
					};
					D81A55642E7C00E500489891 = {
						CreatedOnToolsVersion = 16.4;
						TestTargetID = D81A554C2E7C00E300489891;
					};
					D8E3FCF62E8297FE000CF423 = {
						CreatedOnToolsVersion = 16.4;
					};
					D8E3FD002E8297FE000CF423 = {
						CreatedOnToolsVersion = 16.4;
						TestTargetID = D81A554C2E7C00E300489891;
					};
				};
			};
			buildConfigurationList = D81A55482E7C00E300489891 /* Build configuration list for PBXProject "NotesHeirarchy" */;
			developmentRegion = en;
			hasScannedForEncodings = 0;
			knownRegions = (
				en,
				Base,
				ar,
			);
			mainGroup = D81A55442E7C00E300489891;
			minimizedProjectReferenceProxies = 1;
			packageReferences = (
				D81A55CB2E7D362E00489891 /* XCRemoteSwiftPackageReference "Swinject" */,
				D8E3FD142E82AB37000CF423 /* XCLocalSwiftPackageReference "../AppCore" */,
				D89B98A22E8BB78B0050178A /* XCLocalSwiftPackageReference "../ValidationModule" */,
			);
			preferredProjectObjectVersion = 77;
			productRefGroup = D81A554E2E7C00E300489891 /* Products */;
			projectDirPath = "";
			projectRoot = "";
			targets = (
				D81A554C2E7C00E300489891 /* NotesHeirarchy */,
				D81A555A2E7C00E500489891 /* NotesHeirarchyTests */,
				D81A55642E7C00E500489891 /* NotesHeirarchyUITests */,
				D8E3FCF62E8297FE000CF423 /* AppCoreMain */,
				D8E3FD002E8297FE000CF423 /* AppCoreMainTests */,
			);
		};
/* End PBXProject section */

/* Begin PBXResourcesBuildPhase section */
		D81A554B2E7C00E300489891 /* Resources */ = {
			isa = PBXResourcesBuildPhase;
			buildActionMask = 2147483647;
			files = (
			);
			runOnlyForDeploymentPostprocessing = 0;
		};
		D81A55592E7C00E500489891 /* Resources */ = {
			isa = PBXResourcesBuildPhase;
			buildActionMask = 2147483647;
			files = (
			);
			runOnlyForDeploymentPostprocessing = 0;
		};
		D81A55632E7C00E500489891 /* Resources */ = {
			isa = PBXResourcesBuildPhase;
			buildActionMask = 2147483647;
			files = (
			);
			runOnlyForDeploymentPostprocessing = 0;
		};
		D8E3FCF52E8297FE000CF423 /* Resources */ = {
			isa = PBXResourcesBuildPhase;
			buildActionMask = 2147483647;
			files = (
			);
			runOnlyForDeploymentPostprocessing = 0;
		};
		D8E3FCFF2E8297FE000CF423 /* Resources */ = {
			isa = PBXResourcesBuildPhase;
			buildActionMask = 2147483647;
			files = (
			);
			runOnlyForDeploymentPostprocessing = 0;
		};
/* End PBXResourcesBuildPhase section */

/* Begin PBXSourcesBuildPhase section */
		D81A55492E7C00E300489891 /* Sources */ = {
			isa = PBXSourcesBuildPhase;
			buildActionMask = 2147483647;
			files = (
			);
			runOnlyForDeploymentPostprocessing = 0;
		};
		D81A55572E7C00E500489891 /* Sources */ = {
			isa = PBXSourcesBuildPhase;
			buildActionMask = 2147483647;
			files = (
			);
			runOnlyForDeploymentPostprocessing = 0;
		};
		D81A55612E7C00E500489891 /* Sources */ = {
			isa = PBXSourcesBuildPhase;
			buildActionMask = 2147483647;
			files = (
			);
			runOnlyForDeploymentPostprocessing = 0;
		};
		D8E3FCF32E8297FE000CF423 /* Sources */ = {
			isa = PBXSourcesBuildPhase;
			buildActionMask = 2147483647;
			files = (
			);
			runOnlyForDeploymentPostprocessing = 0;
		};
		D8E3FCFD2E8297FE000CF423 /* Sources */ = {
			isa = PBXSourcesBuildPhase;
			buildActionMask = 2147483647;
			files = (
			);
			runOnlyForDeploymentPostprocessing = 0;
		};
/* End PBXSourcesBuildPhase section */

/* Begin PBXTargetDependency section */
		D81A555D2E7C00E500489891 /* PBXTargetDependency */ = {
			isa = PBXTargetDependency;
			target = D81A554C2E7C00E300489891 /* NotesHeirarchy */;
			targetProxy = D81A555C2E7C00E500489891 /* PBXContainerItemProxy */;
		};
		D81A55672E7C00E500489891 /* PBXTargetDependency */ = {
			isa = PBXTargetDependency;
			target = D81A554C2E7C00E300489891 /* NotesHeirarchy */;
			targetProxy = D81A55662E7C00E500489891 /* PBXContainerItemProxy */;
		};
		D8E3FC372E8137CC000CF423 /* PBXTargetDependency */ = {
			isa = PBXTargetDependency;
			targetProxy = D8E3FC362E8137CC000CF423 /* PBXContainerItemProxy */;
		};
		D8E3FD042E8297FE000CF423 /* PBXTargetDependency */ = {
			isa = PBXTargetDependency;
			target = D8E3FCF62E8297FE000CF423 /* AppCoreMain */;
			targetProxy = D8E3FD032E8297FE000CF423 /* PBXContainerItemProxy */;
		};
		D8E3FD062E8297FE000CF423 /* PBXTargetDependency */ = {
			isa = PBXTargetDependency;
			target = D81A554C2E7C00E300489891 /* NotesHeirarchy */;
			targetProxy = D8E3FD052E8297FE000CF423 /* PBXContainerItemProxy */;
		};
		D8E3FD0B2E8297FE000CF423 /* PBXTargetDependency */ = {
			isa = PBXTargetDependency;
			target = D8E3FCF62E8297FE000CF423 /* AppCoreMain */;
			targetProxy = D8E3FD0A2E8297FE000CF423 /* PBXContainerItemProxy */;
		};
/* End PBXTargetDependency section */

/* Begin XCBuildConfiguration section */
		D81A556D2E7C00E500489891 /* Debug */ = {
			isa = XCBuildConfiguration;
			buildSettings = {
				ALWAYS_SEARCH_USER_PATHS = NO;
				ASSETCATALOG_COMPILER_GENERATE_SWIFT_ASSET_SYMBOL_EXTENSIONS = YES;
				CLANG_ANALYZER_NONNULL = YES;
				CLANG_ANALYZER_NUMBER_OBJECT_CONVERSION = YES_AGGRESSIVE;
				CLANG_CXX_LANGUAGE_STANDARD = "gnu++20";
				CLANG_ENABLE_MODULES = YES;
				CLANG_ENABLE_OBJC_ARC = YES;
				CLANG_ENABLE_OBJC_WEAK = YES;
				CLANG_WARN_BLOCK_CAPTURE_AUTORELEASING = YES;
				CLANG_WARN_BOOL_CONVERSION = YES;
				CLANG_WARN_COMMA = YES;
				CLANG_WARN_CONSTANT_CONVERSION = YES;
				CLANG_WARN_DEPRECATED_OBJC_IMPLEMENTATIONS = YES;
				CLANG_WARN_DIRECT_OBJC_ISA_USAGE = YES_ERROR;
				CLANG_WARN_DOCUMENTATION_COMMENTS = YES;
				CLANG_WARN_EMPTY_BODY = YES;
				CLANG_WARN_ENUM_CONVERSION = YES;
				CLANG_WARN_INFINITE_RECURSION = YES;
				CLANG_WARN_INT_CONVERSION = YES;
				CLANG_WARN_NON_LITERAL_NULL_CONVERSION = YES;
				CLANG_WARN_OBJC_IMPLICIT_RETAIN_SELF = YES;
				CLANG_WARN_OBJC_LITERAL_CONVERSION = YES;
				CLANG_WARN_OBJC_ROOT_CLASS = YES_ERROR;
				CLANG_WARN_QUOTED_INCLUDE_IN_FRAMEWORK_HEADER = YES;
				CLANG_WARN_RANGE_LOOP_ANALYSIS = YES;
				CLANG_WARN_STRICT_PROTOTYPES = YES;
				CLANG_WARN_SUSPICIOUS_MOVE = YES;
				CLANG_WARN_UNGUARDED_AVAILABILITY = YES_AGGRESSIVE;
				CLANG_WARN_UNREACHABLE_CODE = YES;
				CLANG_WARN__DUPLICATE_METHOD_MATCH = YES;
				COPY_PHASE_STRIP = NO;
				DEBUG_INFORMATION_FORMAT = dwarf;
				ENABLE_STRICT_OBJC_MSGSEND = YES;
				ENABLE_TESTABILITY = YES;
				ENABLE_USER_SCRIPT_SANDBOXING = YES;
				GCC_C_LANGUAGE_STANDARD = gnu17;
				GCC_DYNAMIC_NO_PIC = NO;
				GCC_NO_COMMON_BLOCKS = YES;
				GCC_OPTIMIZATION_LEVEL = 0;
				GCC_PREPROCESSOR_DEFINITIONS = (
					"DEBUG=1",
					"$(inherited)",
				);
				GCC_WARN_64_TO_32_BIT_CONVERSION = YES;
				GCC_WARN_ABOUT_RETURN_TYPE = YES_ERROR;
				GCC_WARN_UNDECLARED_SELECTOR = YES;
				GCC_WARN_UNINITIALIZED_AUTOS = YES_AGGRESSIVE;
				GCC_WARN_UNUSED_FUNCTION = YES;
				GCC_WARN_UNUSED_VARIABLE = YES;
				LOCALIZATION_PREFERS_STRING_CATALOGS = YES;
				MTL_ENABLE_DEBUG_INFO = INCLUDE_SOURCE;
				MTL_FAST_MATH = YES;
				ONLY_ACTIVE_ARCH = YES;
				SWIFT_ACTIVE_COMPILATION_CONDITIONS = "DEBUG $(inherited)";
				SWIFT_OPTIMIZATION_LEVEL = "-Onone";
			};
			name = Debug;
		};
		D81A556E2E7C00E500489891 /* Release */ = {
			isa = XCBuildConfiguration;
			buildSettings = {
				ALWAYS_SEARCH_USER_PATHS = NO;
				ASSETCATALOG_COMPILER_GENERATE_SWIFT_ASSET_SYMBOL_EXTENSIONS = YES;
				CLANG_ANALYZER_NONNULL = YES;
				CLANG_ANALYZER_NUMBER_OBJECT_CONVERSION = YES_AGGRESSIVE;
				CLANG_CXX_LANGUAGE_STANDARD = "gnu++20";
				CLANG_ENABLE_MODULES = YES;
				CLANG_ENABLE_OBJC_ARC = YES;
				CLANG_ENABLE_OBJC_WEAK = YES;
				CLANG_WARN_BLOCK_CAPTURE_AUTORELEASING = YES;
				CLANG_WARN_BOOL_CONVERSION = YES;
				CLANG_WARN_COMMA = YES;
				CLANG_WARN_CONSTANT_CONVERSION = YES;
				CLANG_WARN_DEPRECATED_OBJC_IMPLEMENTATIONS = YES;
				CLANG_WARN_DIRECT_OBJC_ISA_USAGE = YES_ERROR;
				CLANG_WARN_DOCUMENTATION_COMMENTS = YES;
				CLANG_WARN_EMPTY_BODY = YES;
				CLANG_WARN_ENUM_CONVERSION = YES;
				CLANG_WARN_INFINITE_RECURSION = YES;
				CLANG_WARN_INT_CONVERSION = YES;
				CLANG_WARN_NON_LITERAL_NULL_CONVERSION = YES;
				CLANG_WARN_OBJC_IMPLICIT_RETAIN_SELF = YES;
				CLANG_WARN_OBJC_LITERAL_CONVERSION = YES;
				CLANG_WARN_OBJC_ROOT_CLASS = YES_ERROR;
				CLANG_WARN_QUOTED_INCLUDE_IN_FRAMEWORK_HEADER = YES;
				CLANG_WARN_RANGE_LOOP_ANALYSIS = YES;
				CLANG_WARN_STRICT_PROTOTYPES = YES;
				CLANG_WARN_SUSPICIOUS_MOVE = YES;
				CLANG_WARN_UNGUARDED_AVAILABILITY = YES_AGGRESSIVE;
				CLANG_WARN_UNREACHABLE_CODE = YES;
				CLANG_WARN__DUPLICATE_METHOD_MATCH = YES;
				COPY_PHASE_STRIP = NO;
				DEBUG_INFORMATION_FORMAT = "dwarf-with-dsym";
				ENABLE_NS_ASSERTIONS = NO;
				ENABLE_STRICT_OBJC_MSGSEND = YES;
				ENABLE_USER_SCRIPT_SANDBOXING = YES;
				GCC_C_LANGUAGE_STANDARD = gnu17;
				GCC_NO_COMMON_BLOCKS = YES;
				GCC_WARN_64_TO_32_BIT_CONVERSION = YES;
				GCC_WARN_ABOUT_RETURN_TYPE = YES_ERROR;
				GCC_WARN_UNDECLARED_SELECTOR = YES;
				GCC_WARN_UNINITIALIZED_AUTOS = YES_AGGRESSIVE;
				GCC_WARN_UNUSED_FUNCTION = YES;
				GCC_WARN_UNUSED_VARIABLE = YES;
				LOCALIZATION_PREFERS_STRING_CATALOGS = YES;
				MTL_ENABLE_DEBUG_INFO = NO;
				MTL_FAST_MATH = YES;
				ONLY_ACTIVE_ARCH = NO;
				SWIFT_COMPILATION_MODE = wholemodule;
			};
			name = Release;
		};
		D81A55702E7C00E500489891 /* Debug */ = {
			isa = XCBuildConfiguration;
			buildSettings = {
				ASSETCATALOG_COMPILER_APPICON_NAME = AppIcon;
				ASSETCATALOG_COMPILER_GLOBAL_ACCENT_COLOR_NAME = AccentColor;
				CODE_SIGN_ENTITLEMENTS = NotesHeirarchy/NotesHeirarchy.entitlements;
				CODE_SIGN_STYLE = Automatic;
				CURRENT_PROJECT_VERSION = 1;
				ENABLE_PREVIEWS = YES;
				GENERATE_INFOPLIST_FILE = YES;
				INFOPLIST_FILE = NotesHeirarchy/Info.plist;
				INFOPLIST_KEY_UIApplicationSceneManifest_Generation = YES;
				"INFOPLIST_KEY_UIApplicationSceneManifest_Generation[sdk=iphoneos*]" = YES;
				"INFOPLIST_KEY_UIApplicationSceneManifest_Generation[sdk=iphonesimulator*]" = YES;
				INFOPLIST_KEY_UIApplicationSupportsIndirectInputEvents = YES;
				"INFOPLIST_KEY_UIApplicationSupportsIndirectInputEvents[sdk=iphoneos*]" = YES;
				"INFOPLIST_KEY_UIApplicationSupportsIndirectInputEvents[sdk=iphonesimulator*]" = YES;
				INFOPLIST_KEY_UILaunchScreen_Generation = YES;
				"INFOPLIST_KEY_UILaunchScreen_Generation[sdk=iphoneos*]" = YES;
				"INFOPLIST_KEY_UILaunchScreen_Generation[sdk=iphonesimulator*]" = YES;
				INFOPLIST_KEY_UILaunchStoryboardName = LaunchScreen;
				INFOPLIST_KEY_UIStatusBarStyle = UIStatusBarStyleDefault;
				"INFOPLIST_KEY_UIStatusBarStyle[sdk=iphoneos*]" = UIStatusBarStyleDefault;
				"INFOPLIST_KEY_UIStatusBarStyle[sdk=iphonesimulator*]" = UIStatusBarStyleDefault;
				INFOPLIST_KEY_UISupportedInterfaceOrientations_iPad = "UIInterfaceOrientationPortrait UIInterfaceOrientationPortraitUpsideDown UIInterfaceOrientationLandscapeLeft UIInterfaceOrientationLandscapeRight";
				INFOPLIST_KEY_UISupportedInterfaceOrientations_iPhone = "UIInterfaceOrientationPortrait UIInterfaceOrientationLandscapeLeft UIInterfaceOrientationLandscapeRight";
				IPHONEOS_DEPLOYMENT_TARGET = 18.5;
				LD_RUNPATH_SEARCH_PATHS = "@executable_path/Frameworks";
				"LD_RUNPATH_SEARCH_PATHS[sdk=macosx*]" = "@executable_path/../Frameworks";
				MACOSX_DEPLOYMENT_TARGET = 15.5;
				MARKETING_VERSION = 1.0;
				PRODUCT_BUNDLE_IDENTIFIER = chakki.NotesHeirarchy;
				PRODUCT_NAME = "$(TARGET_NAME)";
				REGISTER_APP_GROUPS = YES;
				SDKROOT = iphoneos;
				SUPPORTED_PLATFORMS = "iphoneos iphonesimulator macosx xros xrsimulator";
				SWIFT_EMIT_LOC_STRINGS = YES;
				SWIFT_VERSION = 5.0;
				TARGETED_DEVICE_FAMILY = "1,2,7";
				XROS_DEPLOYMENT_TARGET = 2.5;
			};
			name = Debug;
		};
		D81A55712E7C00E500489891 /* Release */ = {
			isa = XCBuildConfiguration;
			buildSettings = {
				ASSETCATALOG_COMPILER_APPICON_NAME = AppIcon;
				ASSETCATALOG_COMPILER_GLOBAL_ACCENT_COLOR_NAME = AccentColor;
				CODE_SIGN_ENTITLEMENTS = NotesHeirarchy/NotesHeirarchy.entitlements;
				CODE_SIGN_STYLE = Automatic;
				CURRENT_PROJECT_VERSION = 1;
				ENABLE_PREVIEWS = YES;
				GENERATE_INFOPLIST_FILE = YES;
				INFOPLIST_FILE = NotesHeirarchy/Info.plist;
				INFOPLIST_KEY_UIApplicationSceneManifest_Generation = YES;
				"INFOPLIST_KEY_UIApplicationSceneManifest_Generation[sdk=iphoneos*]" = YES;
				"INFOPLIST_KEY_UIApplicationSceneManifest_Generation[sdk=iphonesimulator*]" = YES;
				INFOPLIST_KEY_UIApplicationSupportsIndirectInputEvents = YES;
				"INFOPLIST_KEY_UIApplicationSupportsIndirectInputEvents[sdk=iphoneos*]" = YES;
				"INFOPLIST_KEY_UIApplicationSupportsIndirectInputEvents[sdk=iphonesimulator*]" = YES;
				INFOPLIST_KEY_UILaunchScreen_Generation = YES;
				"INFOPLIST_KEY_UILaunchScreen_Generation[sdk=iphoneos*]" = YES;
				"INFOPLIST_KEY_UILaunchScreen_Generation[sdk=iphonesimulator*]" = YES;
				INFOPLIST_KEY_UILaunchStoryboardName = LaunchScreen;
				INFOPLIST_KEY_UIStatusBarStyle = UIStatusBarStyleDefault;
				"INFOPLIST_KEY_UIStatusBarStyle[sdk=iphoneos*]" = UIStatusBarStyleDefault;
				"INFOPLIST_KEY_UIStatusBarStyle[sdk=iphonesimulator*]" = UIStatusBarStyleDefault;
				INFOPLIST_KEY_UISupportedInterfaceOrientations_iPad = "UIInterfaceOrientationPortrait UIInterfaceOrientationPortraitUpsideDown UIInterfaceOrientationLandscapeLeft UIInterfaceOrientationLandscapeRight";
				INFOPLIST_KEY_UISupportedInterfaceOrientations_iPhone = "UIInterfaceOrientationPortrait UIInterfaceOrientationLandscapeLeft UIInterfaceOrientationLandscapeRight";
				IPHONEOS_DEPLOYMENT_TARGET = 18.5;
				LD_RUNPATH_SEARCH_PATHS = "@executable_path/Frameworks";
				"LD_RUNPATH_SEARCH_PATHS[sdk=macosx*]" = "@executable_path/../Frameworks";
				MACOSX_DEPLOYMENT_TARGET = 15.5;
				MARKETING_VERSION = 1.0;
				PRODUCT_BUNDLE_IDENTIFIER = chakki.NotesHeirarchy;
				PRODUCT_NAME = "$(TARGET_NAME)";
				REGISTER_APP_GROUPS = YES;
				SDKROOT = iphoneos;
				SUPPORTED_PLATFORMS = "iphoneos iphonesimulator macosx xros xrsimulator";
				SWIFT_EMIT_LOC_STRINGS = YES;
				SWIFT_VERSION = 5.0;
				TARGETED_DEVICE_FAMILY = "1,2,7";
				XROS_DEPLOYMENT_TARGET = 2.5;
			};
			name = Release;
		};
		D81A55732E7C00E500489891 /* Debug */ = {
			isa = XCBuildConfiguration;
			buildSettings = {
				BUNDLE_LOADER = "$(TEST_HOST)";
				CODE_SIGN_STYLE = Automatic;
				CURRENT_PROJECT_VERSION = 1;
				GENERATE_INFOPLIST_FILE = YES;
				IPHONEOS_DEPLOYMENT_TARGET = 18.5;
				MACOSX_DEPLOYMENT_TARGET = 15.5;
				MARKETING_VERSION = 1.0;
				PRODUCT_BUNDLE_IDENTIFIER = chakki.NotesHeirarchyTests;
				PRODUCT_NAME = "$(TARGET_NAME)";
				SDKROOT = auto;
				SUPPORTED_PLATFORMS = "iphoneos iphonesimulator macosx xros xrsimulator";
				SWIFT_EMIT_LOC_STRINGS = NO;
				SWIFT_VERSION = 5.0;
				TARGETED_DEVICE_FAMILY = "1,2,7";
				TEST_HOST = "$(BUILT_PRODUCTS_DIR)/NotesHeirarchy.app/$(BUNDLE_EXECUTABLE_FOLDER_PATH)/NotesHeirarchy";
				XROS_DEPLOYMENT_TARGET = 2.5;
			};
			name = Debug;
		};
		D81A55742E7C00E500489891 /* Release */ = {
			isa = XCBuildConfiguration;
			buildSettings = {
				BUNDLE_LOADER = "$(TEST_HOST)";
				CODE_SIGN_STYLE = Automatic;
				CURRENT_PROJECT_VERSION = 1;
				GENERATE_INFOPLIST_FILE = YES;
				IPHONEOS_DEPLOYMENT_TARGET = 18.5;
				MACOSX_DEPLOYMENT_TARGET = 15.5;
				MARKETING_VERSION = 1.0;
				PRODUCT_BUNDLE_IDENTIFIER = chakki.NotesHeirarchyTests;
				PRODUCT_NAME = "$(TARGET_NAME)";
				SDKROOT = auto;
				SUPPORTED_PLATFORMS = "iphoneos iphonesimulator macosx xros xrsimulator";
				SWIFT_EMIT_LOC_STRINGS = NO;
				SWIFT_VERSION = 5.0;
				TARGETED_DEVICE_FAMILY = "1,2,7";
				TEST_HOST = "$(BUILT_PRODUCTS_DIR)/NotesHeirarchy.app/$(BUNDLE_EXECUTABLE_FOLDER_PATH)/NotesHeirarchy";
				XROS_DEPLOYMENT_TARGET = 2.5;
			};
			name = Release;
		};
		D81A55762E7C00E500489891 /* Debug */ = {
			isa = XCBuildConfiguration;
			buildSettings = {
				CODE_SIGN_STYLE = Automatic;
				CURRENT_PROJECT_VERSION = 1;
				GENERATE_INFOPLIST_FILE = YES;
				IPHONEOS_DEPLOYMENT_TARGET = 18.5;
				MACOSX_DEPLOYMENT_TARGET = 15.5;
				MARKETING_VERSION = 1.0;
				PRODUCT_BUNDLE_IDENTIFIER = chakki.NotesHeirarchyUITests;
				PRODUCT_NAME = "$(TARGET_NAME)";
				SDKROOT = auto;
				SUPPORTED_PLATFORMS = "iphoneos iphonesimulator macosx xros xrsimulator";
				SWIFT_EMIT_LOC_STRINGS = NO;
				SWIFT_VERSION = 5.0;
				TARGETED_DEVICE_FAMILY = "1,2,7";
				TEST_TARGET_NAME = NotesHeirarchy;
				XROS_DEPLOYMENT_TARGET = 2.5;
			};
			name = Debug;
		};
		D81A55772E7C00E500489891 /* Release */ = {
			isa = XCBuildConfiguration;
			buildSettings = {
				CODE_SIGN_STYLE = Automatic;
				CURRENT_PROJECT_VERSION = 1;
				GENERATE_INFOPLIST_FILE = YES;
				IPHONEOS_DEPLOYMENT_TARGET = 18.5;
				MACOSX_DEPLOYMENT_TARGET = 15.5;
				MARKETING_VERSION = 1.0;
				PRODUCT_BUNDLE_IDENTIFIER = chakki.NotesHeirarchyUITests;
				PRODUCT_NAME = "$(TARGET_NAME)";
				SDKROOT = auto;
				SUPPORTED_PLATFORMS = "iphoneos iphonesimulator macosx xros xrsimulator";
				SWIFT_EMIT_LOC_STRINGS = NO;
				SWIFT_VERSION = 5.0;
				TARGETED_DEVICE_FAMILY = "1,2,7";
				TEST_TARGET_NAME = NotesHeirarchy;
				XROS_DEPLOYMENT_TARGET = 2.5;
			};
			name = Release;
		};
		D8E3FD0F2E8297FE000CF423 /* Debug */ = {
			isa = XCBuildConfiguration;
			buildSettings = {
				ALLOW_TARGET_PLATFORM_SPECIALIZATION = YES;
				BUILD_LIBRARY_FOR_DISTRIBUTION = YES;
				CODE_SIGN_STYLE = Automatic;
				CURRENT_PROJECT_VERSION = 1;
				DYLIB_COMPATIBILITY_VERSION = 1;
				DYLIB_CURRENT_VERSION = 1;
				DYLIB_INSTALL_NAME_BASE = "@rpath";
				ENABLE_MODULE_VERIFIER = YES;
				GENERATE_INFOPLIST_FILE = YES;
				INFOPLIST_KEY_NSHumanReadableCopyright = "";
				INSTALL_PATH = "$(LOCAL_LIBRARY_DIR)/Frameworks";
				IPHONEOS_DEPLOYMENT_TARGET = 18.5;
				LD_RUNPATH_SEARCH_PATHS = (
					"@executable_path/Frameworks",
					"@loader_path/Frameworks",
				);
				"LD_RUNPATH_SEARCH_PATHS[sdk=macosx*]" = (
					"@executable_path/../Frameworks",
					"@loader_path/Frameworks",
				);
				MACOSX_DEPLOYMENT_TARGET = 15.5;
				MARKETING_VERSION = 1.0;
				MODULE_VERIFIER_SUPPORTED_LANGUAGES = "objective-c objective-c++";
				MODULE_VERIFIER_SUPPORTED_LANGUAGE_STANDARDS = "gnu17 gnu++20";
				PRODUCT_BUNDLE_IDENTIFIER = chakki.AppCoreMain;
				PRODUCT_NAME = "$(TARGET_NAME:c99extidentifier)";
				SDKROOT = auto;
				SKIP_INSTALL = YES;
				SUPPORTED_PLATFORMS = "iphoneos iphonesimulator macosx xros xrsimulator";
				SWIFT_EMIT_LOC_STRINGS = YES;
				SWIFT_INSTALL_MODULE = YES;
				SWIFT_INSTALL_OBJC_HEADER = NO;
				SWIFT_VERSION = 5.0;
				TARGETED_DEVICE_FAMILY = "1,2,7";
				VERSIONING_SYSTEM = "apple-generic";
				VERSION_INFO_PREFIX = "";
				XROS_DEPLOYMENT_TARGET = 2.5;
			};
			name = Debug;
		};
		D8E3FD102E8297FE000CF423 /* Release */ = {
			isa = XCBuildConfiguration;
			buildSettings = {
				ALLOW_TARGET_PLATFORM_SPECIALIZATION = YES;
				BUILD_LIBRARY_FOR_DISTRIBUTION = YES;
				CODE_SIGN_STYLE = Automatic;
				CURRENT_PROJECT_VERSION = 1;
				DYLIB_COMPATIBILITY_VERSION = 1;
				DYLIB_CURRENT_VERSION = 1;
				DYLIB_INSTALL_NAME_BASE = "@rpath";
				ENABLE_MODULE_VERIFIER = YES;
				GENERATE_INFOPLIST_FILE = YES;
				INFOPLIST_KEY_NSHumanReadableCopyright = "";
				INSTALL_PATH = "$(LOCAL_LIBRARY_DIR)/Frameworks";
				IPHONEOS_DEPLOYMENT_TARGET = 18.5;
				LD_RUNPATH_SEARCH_PATHS = (
					"@executable_path/Frameworks",
					"@loader_path/Frameworks",
				);
				"LD_RUNPATH_SEARCH_PATHS[sdk=macosx*]" = (
					"@executable_path/../Frameworks",
					"@loader_path/Frameworks",
				);
				MACOSX_DEPLOYMENT_TARGET = 15.5;
				MARKETING_VERSION = 1.0;
				MODULE_VERIFIER_SUPPORTED_LANGUAGES = "objective-c objective-c++";
				MODULE_VERIFIER_SUPPORTED_LANGUAGE_STANDARDS = "gnu17 gnu++20";
				PRODUCT_BUNDLE_IDENTIFIER = chakki.AppCoreMain;
				PRODUCT_NAME = "$(TARGET_NAME:c99extidentifier)";
				SDKROOT = auto;
				SKIP_INSTALL = YES;
				SUPPORTED_PLATFORMS = "iphoneos iphonesimulator macosx xros xrsimulator";
				SWIFT_EMIT_LOC_STRINGS = YES;
				SWIFT_INSTALL_MODULE = YES;
				SWIFT_INSTALL_OBJC_HEADER = NO;
				SWIFT_VERSION = 5.0;
				TARGETED_DEVICE_FAMILY = "1,2,7";
				VERSIONING_SYSTEM = "apple-generic";
				VERSION_INFO_PREFIX = "";
				XROS_DEPLOYMENT_TARGET = 2.5;
			};
			name = Release;
		};
		D8E3FD122E8297FE000CF423 /* Debug */ = {
			isa = XCBuildConfiguration;
			buildSettings = {
				ALLOW_TARGET_PLATFORM_SPECIALIZATION = YES;
				CODE_SIGN_STYLE = Automatic;
				CURRENT_PROJECT_VERSION = 1;
				GENERATE_INFOPLIST_FILE = YES;
				IPHONEOS_DEPLOYMENT_TARGET = 18.5;
				MACOSX_DEPLOYMENT_TARGET = 15.5;
				MARKETING_VERSION = 1.0;
				PRODUCT_BUNDLE_IDENTIFIER = chakki.AppCoreMainTests;
				PRODUCT_NAME = "$(TARGET_NAME)";
				SDKROOT = auto;
				SUPPORTED_PLATFORMS = "iphoneos iphonesimulator macosx xros xrsimulator";
				SWIFT_EMIT_LOC_STRINGS = NO;
				SWIFT_VERSION = 5.0;
				TARGETED_DEVICE_FAMILY = "1,2,7";
				TEST_HOST = "$(BUILT_PRODUCTS_DIR)/NotesHeirarchy.app/$(BUNDLE_EXECUTABLE_FOLDER_PATH)/NotesHeirarchy";
				XROS_DEPLOYMENT_TARGET = 2.5;
			};
			name = Debug;
		};
		D8E3FD132E8297FE000CF423 /* Release */ = {
			isa = XCBuildConfiguration;
			buildSettings = {
				ALLOW_TARGET_PLATFORM_SPECIALIZATION = YES;
				CODE_SIGN_STYLE = Automatic;
				CURRENT_PROJECT_VERSION = 1;
				GENERATE_INFOPLIST_FILE = YES;
				IPHONEOS_DEPLOYMENT_TARGET = 18.5;
				MACOSX_DEPLOYMENT_TARGET = 15.5;
				MARKETING_VERSION = 1.0;
				PRODUCT_BUNDLE_IDENTIFIER = chakki.AppCoreMainTests;
				PRODUCT_NAME = "$(TARGET_NAME)";
				SDKROOT = auto;
				SUPPORTED_PLATFORMS = "iphoneos iphonesimulator macosx xros xrsimulator";
				SWIFT_EMIT_LOC_STRINGS = NO;
				SWIFT_VERSION = 5.0;
				TARGETED_DEVICE_FAMILY = "1,2,7";
				TEST_HOST = "$(BUILT_PRODUCTS_DIR)/NotesHeirarchy.app/$(BUNDLE_EXECUTABLE_FOLDER_PATH)/NotesHeirarchy";
				XROS_DEPLOYMENT_TARGET = 2.5;
			};
			name = Release;
		};
/* End XCBuildConfiguration section */

/* Begin XCConfigurationList section */
		D81A55482E7C00E300489891 /* Build configuration list for PBXProject "NotesHeirarchy" */ = {
			isa = XCConfigurationList;
			buildConfigurations = (
				D81A556D2E7C00E500489891 /* Debug */,
				D81A556E2E7C00E500489891 /* Release */,
			);
			defaultConfigurationIsVisible = 0;
			defaultConfigurationName = Release;
		};
		D81A556F2E7C00E500489891 /* Build configuration list for PBXNativeTarget "NotesHeirarchy" */ = {
			isa = XCConfigurationList;
			buildConfigurations = (
				D81A55702E7C00E500489891 /* Debug */,
				D81A55712E7C00E500489891 /* Release */,
			);
			defaultConfigurationIsVisible = 0;
			defaultConfigurationName = Release;
		};
		D81A55722E7C00E500489891 /* Build configuration list for PBXNativeTarget "NotesHeirarchyTests" */ = {
			isa = XCConfigurationList;
			buildConfigurations = (
				D81A55732E7C00E500489891 /* Debug */,
				D81A55742E7C00E500489891 /* Release */,
			);
			defaultConfigurationIsVisible = 0;
			defaultConfigurationName = Release;
		};
		D81A55752E7C00E500489891 /* Build configuration list for PBXNativeTarget "NotesHeirarchyUITests" */ = {
			isa = XCConfigurationList;
			buildConfigurations = (
				D81A55762E7C00E500489891 /* Debug */,
				D81A55772E7C00E500489891 /* Release */,
			);
			defaultConfigurationIsVisible = 0;
			defaultConfigurationName = Release;
		};
		D8E3FD0E2E8297FE000CF423 /* Build configuration list for PBXNativeTarget "AppCoreMain" */ = {
			isa = XCConfigurationList;
			buildConfigurations = (
				D8E3FD0F2E8297FE000CF423 /* Debug */,
				D8E3FD102E8297FE000CF423 /* Release */,
			);
			defaultConfigurationIsVisible = 0;
			defaultConfigurationName = Release;
		};
		D8E3FD112E8297FE000CF423 /* Build configuration list for PBXNativeTarget "AppCoreMainTests" */ = {
			isa = XCConfigurationList;
			buildConfigurations = (
				D8E3FD122E8297FE000CF423 /* Debug */,
				D8E3FD132E8297FE000CF423 /* Release */,
			);
			defaultConfigurationIsVisible = 0;
			defaultConfigurationName = Release;
		};
/* End XCConfigurationList section */

/* Begin XCLocalSwiftPackageReference section */
		D89B98A22E8BB78B0050178A /* XCLocalSwiftPackageReference "../ValidationModule" */ = {
			isa = XCLocalSwiftPackageReference;
			relativePath = ../ValidationModule;
		};
		D8E3FD142E82AB37000CF423 /* XCLocalSwiftPackageReference "../AppCore" */ = {
			isa = XCLocalSwiftPackageReference;
			relativePath = ../AppCore;
		};
/* End XCLocalSwiftPackageReference section */

/* Begin XCRemoteSwiftPackageReference section */
		D81A55CB2E7D362E00489891 /* XCRemoteSwiftPackageReference "Swinject" */ = {
			isa = XCRemoteSwiftPackageReference;
			repositoryURL = "https://github.com/Swinject/Swinject.git";
			requirement = {
				kind = upToNextMajorVersion;
				minimumVersion = 2.10.0;
			};
		};
/* End XCRemoteSwiftPackageReference section */

/* Begin XCSwiftPackageProductDependency section */
		D81A55CC2E7D362E00489891 /* Swinject */ = {
			isa = XCSwiftPackageProductDependency;
			package = D81A55CB2E7D362E00489891 /* XCRemoteSwiftPackageReference "Swinject" */;
			productName = Swinject;
		};
		D89B989F2E8BB2780050178A /* ValidationModule */ = {
			isa = XCSwiftPackageProductDependency;
			productName = ValidationModule;
		};
		D89B98A32E8BB78B0050178A /* ValidationModule */ = {
			isa = XCSwiftPackageProductDependency;
			productName = ValidationModule;
		};
		D8E3FD152E82AB37000CF423 /* AppCore */ = {
			isa = XCSwiftPackageProductDependency;
			productName = AppCore;
		};
/* End XCSwiftPackageProductDependency section */
	};
	rootObject = D81A55452E7C00E300489891 /* Project object */;
}
